// !$*UTF8*$!
{
	archiveVersion = 1;
	classes = {
	};
	objectVersion = 56;
	objects = {

/* Begin PBXBuildFile section */
		B6412DC6290425CB0075FBC3 /* MasterApp.swift in Sources */ = {isa = PBXBuildFile; fileRef = B6412DC5290425CB0075FBC3 /* MasterApp.swift */; };
		B6412DC8290425CB0075FBC3 /* Persistence.swift in Sources */ = {isa = PBXBuildFile; fileRef = B6412DC7290425CB0075FBC3 /* Persistence.swift */; };
		B6412DCB290425CB0075FBC3 /* Master.xcdatamodeld in Sources */ = {isa = PBXBuildFile; fileRef = B6412DC9290425CB0075FBC3 /* Master.xcdatamodeld */; };
		B6412DCD290425CB0075FBC3 /* ContentView.swift in Sources */ = {isa = PBXBuildFile; fileRef = B6412DCC290425CB0075FBC3 /* ContentView.swift */; };
		B6412DCF290425CD0075FBC3 /* Assets.xcassets in Resources */ = {isa = PBXBuildFile; fileRef = B6412DCE290425CD0075FBC3 /* Assets.xcassets */; };
		B6412DD3290425CD0075FBC3 /* Preview Assets.xcassets in Resources */ = {isa = PBXBuildFile; fileRef = B6412DD2290425CD0075FBC3 /* Preview Assets.xcassets */; };
		B6412DDD290425CD0075FBC3 /* MasterTests.swift in Sources */ = {isa = PBXBuildFile; fileRef = B6412DDC290425CD0075FBC3 /* MasterTests.swift */; };
		B6412DE7290425CE0075FBC3 /* MasterUITests.swift in Sources */ = {isa = PBXBuildFile; fileRef = B6412DE6290425CE0075FBC3 /* MasterUITests.swift */; };
		B6412DE9290425CE0075FBC3 /* MasterUITestsLaunchTests.swift in Sources */ = {isa = PBXBuildFile; fileRef = B6412DE8290425CE0075FBC3 /* MasterUITestsLaunchTests.swift */; };
/* End PBXBuildFile section */

/* Begin PBXContainerItemProxy section */
		B6412DD9290425CD0075FBC3 /* PBXContainerItemProxy */ = {
			isa = PBXContainerItemProxy;
			containerPortal = B6412DBA290425CB0075FBC3 /* Project object */;
			proxyType = 1;
			remoteGlobalIDString = B6412DC1290425CB0075FBC3;
			remoteInfo = Master;
		};
		B6412DE3290425CE0075FBC3 /* PBXContainerItemProxy */ = {
			isa = PBXContainerItemProxy;
			containerPortal = B6412DBA290425CB0075FBC3 /* Project object */;
			proxyType = 1;
			remoteGlobalIDString = B6412DC1290425CB0075FBC3;
			remoteInfo = Master;
		};
/* End PBXContainerItemProxy section */

/* Begin PBXFileReference section */
		B6412DC2290425CB0075FBC3 /* Master.app */ = {isa = PBXFileReference; explicitFileType = wrapper.application; includeInIndex = 0; path = Master.app; sourceTree = BUILT_PRODUCTS_DIR; };
		B6412DC5290425CB0075FBC3 /* MasterApp.swift */ = {isa = PBXFileReference; lastKnownFileType = sourcecode.swift; path = MasterApp.swift; sourceTree = "<group>"; };
		B6412DC7290425CB0075FBC3 /* Persistence.swift */ = {isa = PBXFileReference; lastKnownFileType = sourcecode.swift; path = Persistence.swift; sourceTree = "<group>"; };
		B6412DCA290425CB0075FBC3 /* Master.xcdatamodel */ = {isa = PBXFileReference; lastKnownFileType = wrapper.xcdatamodel; path = Master.xcdatamodel; sourceTree = "<group>"; };
		B6412DCC290425CB0075FBC3 /* ContentView.swift */ = {isa = PBXFileReference; lastKnownFileType = sourcecode.swift; path = ContentView.swift; sourceTree = "<group>"; };
		B6412DCE290425CD0075FBC3 /* Assets.xcassets */ = {isa = PBXFileReference; lastKnownFileType = folder.assetcatalog; path = Assets.xcassets; sourceTree = "<group>"; };
		B6412DD0290425CD0075FBC3 /* Master.entitlements */ = {isa = PBXFileReference; lastKnownFileType = text.plist.entitlements; path = Master.entitlements; sourceTree = "<group>"; };
		B6412DD2290425CD0075FBC3 /* Preview Assets.xcassets */ = {isa = PBXFileReference; lastKnownFileType = folder.assetcatalog; path = "Preview Assets.xcassets"; sourceTree = "<group>"; };
		B6412DD8290425CD0075FBC3 /* MasterTests.xctest */ = {isa = PBXFileReference; explicitFileType = wrapper.cfbundle; includeInIndex = 0; path = MasterTests.xctest; sourceTree = BUILT_PRODUCTS_DIR; };
		B6412DDC290425CD0075FBC3 /* MasterTests.swift */ = {isa = PBXFileReference; lastKnownFileType = sourcecode.swift; path = MasterTests.swift; sourceTree = "<group>"; };
		B6412DE2290425CE0075FBC3 /* MasterUITests.xctest */ = {isa = PBXFileReference; explicitFileType = wrapper.cfbundle; includeInIndex = 0; path = MasterUITests.xctest; sourceTree = BUILT_PRODUCTS_DIR; };
		B6412DE6290425CE0075FBC3 /* MasterUITests.swift */ = {isa = PBXFileReference; lastKnownFileType = sourcecode.swift; path = MasterUITests.swift; sourceTree = "<group>"; };
		B6412DE8290425CE0075FBC3 /* MasterUITestsLaunchTests.swift */ = {isa = PBXFileReference; lastKnownFileType = sourcecode.swift; path = MasterUITestsLaunchTests.swift; sourceTree = "<group>"; };
/* End PBXFileReference section */

/* Begin PBXFrameworksBuildPhase section */
		B6412DBF290425CB0075FBC3 /* Frameworks */ = {
			isa = PBXFrameworksBuildPhase;
			buildActionMask = 2147483647;
			files = (
			);
			runOnlyForDeploymentPostprocessing = 0;
		};
		B6412DD5290425CD0075FBC3 /* Frameworks */ = {
			isa = PBXFrameworksBuildPhase;
			buildActionMask = 2147483647;
			files = (
			);
			runOnlyForDeploymentPostprocessing = 0;
		};
		B6412DDF290425CE0075FBC3 /* Frameworks */ = {
			isa = PBXFrameworksBuildPhase;
			buildActionMask = 2147483647;
			files = (
			);
			runOnlyForDeploymentPostprocessing = 0;
		};
/* End PBXFrameworksBuildPhase section */

/* Begin PBXGroup section */
		B6412DB9290425CB0075FBC3 = {
			isa = PBXGroup;
			children = (
				B6412DC4290425CB0075FBC3 /* Master */,
				B6412DDB290425CD0075FBC3 /* MasterTests */,
				B6412DE5290425CE0075FBC3 /* MasterUITests */,
				B6412DC3290425CB0075FBC3 /* Products */,
			);
			sourceTree = "<group>";
		};
		B6412DC3290425CB0075FBC3 /* Products */ = {
			isa = PBXGroup;
			children = (
				B6412DC2290425CB0075FBC3 /* Master.app */,
				B6412DD8290425CD0075FBC3 /* MasterTests.xctest */,
				B6412DE2290425CE0075FBC3 /* MasterUITests.xctest */,
			);
			name = Products;
			sourceTree = "<group>";
		};
		B6412DC4290425CB0075FBC3 /* Master */ = {
			isa = PBXGroup;
			children = (
				B6412DC5290425CB0075FBC3 /* MasterApp.swift */,
				B6412DC7290425CB0075FBC3 /* Persistence.swift */,
				B6412DCC290425CB0075FBC3 /* ContentView.swift */,
				B6412DCE290425CD0075FBC3 /* Assets.xcassets */,
				B6412DD0290425CD0075FBC3 /* Master.entitlements */,
				B6412DC9290425CB0075FBC3 /* Master.xcdatamodeld */,
				B6412DD1290425CD0075FBC3 /* Preview Content */,
			);
			path = Master;
			sourceTree = "<group>";
		};
		B6412DD1290425CD0075FBC3 /* Preview Content */ = {
			isa = PBXGroup;
			children = (
				B6412DD2290425CD0075FBC3 /* Preview Assets.xcassets */,
			);
			path = "Preview Content";
			sourceTree = "<group>";
		};
		B6412DDB290425CD0075FBC3 /* MasterTests */ = {
			isa = PBXGroup;
			children = (
				B6412DDC290425CD0075FBC3 /* MasterTests.swift */,
			);
			path = MasterTests;
			sourceTree = "<group>";
		};
		B6412DE5290425CE0075FBC3 /* MasterUITests */ = {
			isa = PBXGroup;
			children = (
				B6412DE6290425CE0075FBC3 /* MasterUITests.swift */,
				B6412DE8290425CE0075FBC3 /* MasterUITestsLaunchTests.swift */,
			);
			path = MasterUITests;
			sourceTree = "<group>";
		};
/* End PBXGroup section */

/* Begin PBXNativeTarget section */
		B6412DC1290425CB0075FBC3 /* Master */ = {
			isa = PBXNativeTarget;
			buildConfigurationList = B6412DEC290425CE0075FBC3 /* Build configuration list for PBXNativeTarget "Master" */;
			buildPhases = (
				B6412DBE290425CB0075FBC3 /* Sources */,
				B6412DBF290425CB0075FBC3 /* Frameworks */,
				B6412DC0290425CB0075FBC3 /* Resources */,
			);
			buildRules = (
			);
			dependencies = (
			);
			name = Master;
			productName = Master;
			productReference = B6412DC2290425CB0075FBC3 /* Master.app */;
			productType = "com.apple.product-type.application";
		};
		B6412DD7290425CD0075FBC3 /* MasterTests */ = {
			isa = PBXNativeTarget;
			buildConfigurationList = B6412DEF290425CE0075FBC3 /* Build configuration list for PBXNativeTarget "MasterTests" */;
			buildPhases = (
				B6412DD4290425CD0075FBC3 /* Sources */,
				B6412DD5290425CD0075FBC3 /* Frameworks */,
				B6412DD6290425CD0075FBC3 /* Resources */,
			);
			buildRules = (
			);
			dependencies = (
				B6412DDA290425CD0075FBC3 /* PBXTargetDependency */,
			);
			name = MasterTests;
			productName = MasterTests;
			productReference = B6412DD8290425CD0075FBC3 /* MasterTests.xctest */;
			productType = "com.apple.product-type.bundle.unit-test";
		};
		B6412DE1290425CE0075FBC3 /* MasterUITests */ = {
			isa = PBXNativeTarget;
			buildConfigurationList = B6412DF2290425CE0075FBC3 /* Build configuration list for PBXNativeTarget "MasterUITests" */;
			buildPhases = (
				B6412DDE290425CE0075FBC3 /* Sources */,
				B6412DDF290425CE0075FBC3 /* Frameworks */,
				B6412DE0290425CE0075FBC3 /* Resources */,
			);
			buildRules = (
			);
			dependencies = (
				B6412DE4290425CE0075FBC3 /* PBXTargetDependency */,
			);
			name = MasterUITests;
			productName = MasterUITests;
			productReference = B6412DE2290425CE0075FBC3 /* MasterUITests.xctest */;
			productType = "com.apple.product-type.bundle.ui-testing";
		};
/* End PBXNativeTarget section */

/* Begin PBXProject section */
		B6412DBA290425CB0075FBC3 /* Project object */ = {
			isa = PBXProject;
			attributes = {
				BuildIndependentTargetsInParallel = 1;
				LastSwiftUpdateCheck = 1400;
				LastUpgradeCheck = 1400;
				TargetAttributes = {
					B6412DC1290425CB0075FBC3 = {
						CreatedOnToolsVersion = 14.0.1;
					};
					B6412DD7290425CD0075FBC3 = {
						CreatedOnToolsVersion = 14.0.1;
						TestTargetID = B6412DC1290425CB0075FBC3;
					};
					B6412DE1290425CE0075FBC3 = {
						CreatedOnToolsVersion = 14.0.1;
						TestTargetID = B6412DC1290425CB0075FBC3;
					};
				};
			};
			buildConfigurationList = B6412DBD290425CB0075FBC3 /* Build configuration list for PBXProject "Master" */;
			compatibilityVersion = "Xcode 14.0";
			developmentRegion = en;
			hasScannedForEncodings = 0;
			knownRegions = (
				en,
				Base,
			);
			mainGroup = B6412DB9290425CB0075FBC3;
			productRefGroup = B6412DC3290425CB0075FBC3 /* Products */;
			projectDirPath = "";
			projectRoot = "";
			targets = (
				B6412DC1290425CB0075FBC3 /* Master */,
				B6412DD7290425CD0075FBC3 /* MasterTests */,
				B6412DE1290425CE0075FBC3 /* MasterUITests */,
			);
		};
/* End PBXProject section */

/* Begin PBXResourcesBuildPhase section */
		B6412DC0290425CB0075FBC3 /* Resources */ = {
			isa = PBXResourcesBuildPhase;
			buildActionMask = 2147483647;
			files = (
				B6412DD3290425CD0075FBC3 /* Preview Assets.xcassets in Resources */,
				B6412DCF290425CD0075FBC3 /* Assets.xcassets in Resources */,
			);
			runOnlyForDeploymentPostprocessing = 0;
		};
		B6412DD6290425CD0075FBC3 /* Resources */ = {
			isa = PBXResourcesBuildPhase;
			buildActionMask = 2147483647;
			files = (
			);
			runOnlyForDeploymentPostprocessing = 0;
		};
		B6412DE0290425CE0075FBC3 /* Resources */ = {
			isa = PBXResourcesBuildPhase;
			buildActionMask = 2147483647;
			files = (
			);
			runOnlyForDeploymentPostprocessing = 0;
		};
/* End PBXResourcesBuildPhase section */

/* Begin PBXSourcesBuildPhase section */
		B6412DBE290425CB0075FBC3 /* Sources */ = {
			isa = PBXSourcesBuildPhase;
			buildActionMask = 2147483647;
			files = (
				B6412DC6290425CB0075FBC3 /* MasterApp.swift in Sources */,
				B6412DC8290425CB0075FBC3 /* Persistence.swift in Sources */,
				B6412DCD290425CB0075FBC3 /* ContentView.swift in Sources */,
				B6412DCB290425CB0075FBC3 /* Master.xcdatamodeld in Sources */,
			);
			runOnlyForDeploymentPostprocessing = 0;
		};
		B6412DD4290425CD0075FBC3 /* Sources */ = {
			isa = PBXSourcesBuildPhase;
			buildActionMask = 2147483647;
			files = (
				B6412DDD290425CD0075FBC3 /* MasterTests.swift in Sources */,
			);
			runOnlyForDeploymentPostprocessing = 0;
		};
		B6412DDE290425CE0075FBC3 /* Sources */ = {
			isa = PBXSourcesBuildPhase;
			buildActionMask = 2147483647;
			files = (
				B6412DE9290425CE0075FBC3 /* MasterUITestsLaunchTests.swift in Sources */,
				B6412DE7290425CE0075FBC3 /* MasterUITests.swift in Sources */,
			);
			runOnlyForDeploymentPostprocessing = 0;
		};
/* End PBXSourcesBuildPhase section */

/* Begin PBXTargetDependency section */
		B6412DDA290425CD0075FBC3 /* PBXTargetDependency */ = {
			isa = PBXTargetDependency;
			target = B6412DC1290425CB0075FBC3 /* Master */;
			targetProxy = B6412DD9290425CD0075FBC3 /* PBXContainerItemProxy */;
		};
		B6412DE4290425CE0075FBC3 /* PBXTargetDependency */ = {
			isa = PBXTargetDependency;
			target = B6412DC1290425CB0075FBC3 /* Master */;
			targetProxy = B6412DE3290425CE0075FBC3 /* PBXContainerItemProxy */;
		};
/* End PBXTargetDependency section */

/* Begin XCBuildConfiguration section */
		B6412DEA290425CE0075FBC3 /* Debug */ = {
			isa = XCBuildConfiguration;
			buildSettings = {
				ALWAYS_SEARCH_USER_PATHS = NO;
				CLANG_ANALYZER_NONNULL = YES;
				CLANG_ANALYZER_NUMBER_OBJECT_CONVERSION = YES_AGGRESSIVE;
				CLANG_CXX_LANGUAGE_STANDARD = "gnu++20";
				CLANG_ENABLE_MODULES = YES;
				CLANG_ENABLE_OBJC_ARC = YES;
				CLANG_ENABLE_OBJC_WEAK = YES;
				CLANG_WARN_BLOCK_CAPTURE_AUTORELEASING = YES;
				CLANG_WARN_BOOL_CONVERSION = YES;
				CLANG_WARN_COMMA = YES;
				CLANG_WARN_CONSTANT_CONVERSION = YES;
				CLANG_WARN_DEPRECATED_OBJC_IMPLEMENTATIONS = YES;
				CLANG_WARN_DIRECT_OBJC_ISA_USAGE = YES_ERROR;
				CLANG_WARN_DOCUMENTATION_COMMENTS = YES;
				CLANG_WARN_EMPTY_BODY = YES;
				CLANG_WARN_ENUM_CONVERSION = YES;
				CLANG_WARN_INFINITE_RECURSION = YES;
				CLANG_WARN_INT_CONVERSION = YES;
				CLANG_WARN_NON_LITERAL_NULL_CONVERSION = YES;
				CLANG_WARN_OBJC_IMPLICIT_RETAIN_SELF = YES;
				CLANG_WARN_OBJC_LITERAL_CONVERSION = YES;
				CLANG_WARN_OBJC_ROOT_CLASS = YES_ERROR;
				CLANG_WARN_QUOTED_INCLUDE_IN_FRAMEWORK_HEADER = YES;
				CLANG_WARN_RANGE_LOOP_ANALYSIS = YES;
				CLANG_WARN_STRICT_PROTOTYPES = YES;
				CLANG_WARN_SUSPICIOUS_MOVE = YES;
				CLANG_WARN_UNGUARDED_AVAILABILITY = YES_AGGRESSIVE;
				CLANG_WARN_UNREACHABLE_CODE = YES;
				CLANG_WARN__DUPLICATE_METHOD_MATCH = YES;
				COPY_PHASE_STRIP = NO;
				DEBUG_INFORMATION_FORMAT = dwarf;
				ENABLE_STRICT_OBJC_MSGSEND = YES;
				ENABLE_TESTABILITY = YES;
				GCC_C_LANGUAGE_STANDARD = gnu11;
				GCC_DYNAMIC_NO_PIC = NO;
				GCC_NO_COMMON_BLOCKS = YES;
				GCC_OPTIMIZATION_LEVEL = 0;
				GCC_PREPROCESSOR_DEFINITIONS = (
					"DEBUG=1",
					"$(inherited)",
				);
				GCC_WARN_64_TO_32_BIT_CONVERSION = YES;
				GCC_WARN_ABOUT_RETURN_TYPE = YES_ERROR;
				GCC_WARN_UNDECLARED_SELECTOR = YES;
				GCC_WARN_UNINITIALIZED_AUTOS = YES_AGGRESSIVE;
				GCC_WARN_UNUSED_FUNCTION = YES;
				GCC_WARN_UNUSED_VARIABLE = YES;
				MTL_ENABLE_DEBUG_INFO = INCLUDE_SOURCE;
				MTL_FAST_MATH = YES;
				ONLY_ACTIVE_ARCH = YES;
				SWIFT_ACTIVE_COMPILATION_CONDITIONS = DEBUG;
				SWIFT_OPTIMIZATION_LEVEL = "-Onone";
			};
			name = Debug;
		};
		B6412DEB290425CE0075FBC3 /* Release */ = {
			isa = XCBuildConfiguration;
			buildSettings = {
				ALWAYS_SEARCH_USER_PATHS = NO;
				CLANG_ANALYZER_NONNULL = YES;
				CLANG_ANALYZER_NUMBER_OBJECT_CONVERSION = YES_AGGRESSIVE;
				CLANG_CXX_LANGUAGE_STANDARD = "gnu++20";
				CLANG_ENABLE_MODULES = YES;
				CLANG_ENABLE_OBJC_ARC = YES;
				CLANG_ENABLE_OBJC_WEAK = YES;
				CLANG_WARN_BLOCK_CAPTURE_AUTORELEASING = YES;
				CLANG_WARN_BOOL_CONVERSION = YES;
				CLANG_WARN_COMMA = YES;
				CLANG_WARN_CONSTANT_CONVERSION = YES;
				CLANG_WARN_DEPRECATED_OBJC_IMPLEMENTATIONS = YES;
				CLANG_WARN_DIRECT_OBJC_ISA_USAGE = YES_ERROR;
				CLANG_WARN_DOCUMENTATION_COMMENTS = YES;
				CLANG_WARN_EMPTY_BODY = YES;
				CLANG_WARN_ENUM_CONVERSION = YES;
				CLANG_WARN_INFINITE_RECURSION = YES;
				CLANG_WARN_INT_CONVERSION = YES;
				CLANG_WARN_NON_LITERAL_NULL_CONVERSION = YES;
				CLANG_WARN_OBJC_IMPLICIT_RETAIN_SELF = YES;
				CLANG_WARN_OBJC_LITERAL_CONVERSION = YES;
				CLANG_WARN_OBJC_ROOT_CLASS = YES_ERROR;
				CLANG_WARN_QUOTED_INCLUDE_IN_FRAMEWORK_HEADER = YES;
				CLANG_WARN_RANGE_LOOP_ANALYSIS = YES;
				CLANG_WARN_STRICT_PROTOTYPES = YES;
				CLANG_WARN_SUSPICIOUS_MOVE = YES;
				CLANG_WARN_UNGUARDED_AVAILABILITY = YES_AGGRESSIVE;
				CLANG_WARN_UNREACHABLE_CODE = YES;
				CLANG_WARN__DUPLICATE_METHOD_MATCH = YES;
				COPY_PHASE_STRIP = NO;
				DEBUG_INFORMATION_FORMAT = "dwarf-with-dsym";
				ENABLE_NS_ASSERTIONS = NO;
				ENABLE_STRICT_OBJC_MSGSEND = YES;
				GCC_C_LANGUAGE_STANDARD = gnu11;
				GCC_NO_COMMON_BLOCKS = YES;
				GCC_WARN_64_TO_32_BIT_CONVERSION = YES;
				GCC_WARN_ABOUT_RETURN_TYPE = YES_ERROR;
				GCC_WARN_UNDECLARED_SELECTOR = YES;
				GCC_WARN_UNINITIALIZED_AUTOS = YES_AGGRESSIVE;
				GCC_WARN_UNUSED_FUNCTION = YES;
				GCC_WARN_UNUSED_VARIABLE = YES;
				MTL_ENABLE_DEBUG_INFO = NO;
				MTL_FAST_MATH = YES;
				SWIFT_COMPILATION_MODE = wholemodule;
				SWIFT_OPTIMIZATION_LEVEL = "-O";
			};
			name = Release;
		};
		B6412DED290425CE0075FBC3 /* Debug */ = {
			isa = XCBuildConfiguration;
			buildSettings = {
				ASSETCATALOG_COMPILER_APPICON_NAME = AppIcon;
				ASSETCATALOG_COMPILER_GLOBAL_ACCENT_COLOR_NAME = AccentColor;
				CODE_SIGN_ENTITLEMENTS = Master/Master.entitlements;
				CODE_SIGN_STYLE = Automatic;
				CURRENT_PROJECT_VERSION = 2022102221;
				DEVELOPMENT_ASSET_PATHS = "\"Master/Preview Content\"";
				DEVELOPMENT_TEAM = X8J36L5DL7;
				ENABLE_HARDENED_RUNTIME = YES;
				ENABLE_PREVIEWS = YES;
				GENERATE_INFOPLIST_FILE = YES;
				INFOPLIST_KEY_CFBundleDisplayName = Master;
				"INFOPLIST_KEY_UIApplicationSceneManifest_Generation[sdk=iphoneos*]" = YES;
				"INFOPLIST_KEY_UIApplicationSceneManifest_Generation[sdk=iphonesimulator*]" = YES;
				"INFOPLIST_KEY_UIApplicationSupportsIndirectInputEvents[sdk=iphoneos*]" = YES;
				"INFOPLIST_KEY_UIApplicationSupportsIndirectInputEvents[sdk=iphonesimulator*]" = YES;
				"INFOPLIST_KEY_UILaunchScreen_Generation[sdk=iphoneos*]" = YES;
				"INFOPLIST_KEY_UILaunchScreen_Generation[sdk=iphonesimulator*]" = YES;
				"INFOPLIST_KEY_UIStatusBarStyle[sdk=iphoneos*]" = UIStatusBarStyleDefault;
				"INFOPLIST_KEY_UIStatusBarStyle[sdk=iphonesimulator*]" = UIStatusBarStyleDefault;
				INFOPLIST_KEY_UISupportedInterfaceOrientations = UIInterfaceOrientationPortrait;
				IPHONEOS_DEPLOYMENT_TARGET = 16.0;
				LD_RUNPATH_SEARCH_PATHS = "@executable_path/Frameworks";
				"LD_RUNPATH_SEARCH_PATHS[sdk=macosx*]" = "@executable_path/../Frameworks";
				MACOSX_DEPLOYMENT_TARGET = 12.3;
				MARKETING_VERSION = 0.0.1;
				PRODUCT_BUNDLE_IDENTIFIER = com.gaoqi.master;
				PRODUCT_NAME = "$(TARGET_NAME)";
				SDKROOT = auto;
				SUPPORTED_PLATFORMS = "iphoneos iphonesimulator macosx";
				SWIFT_EMIT_LOC_STRINGS = YES;
				SWIFT_VERSION = 5.0;
				TARGETED_DEVICE_FAMILY = "1,2";
			};
			name = Debug;
		};
		B6412DEE290425CE0075FBC3 /* Release */ = {
			isa = XCBuildConfiguration;
			buildSettings = {
				ASSETCATALOG_COMPILER_APPICON_NAME = AppIcon;
				ASSETCATALOG_COMPILER_GLOBAL_ACCENT_COLOR_NAME = AccentColor;
				CODE_SIGN_ENTITLEMENTS = Master/Master.entitlements;
				CODE_SIGN_STYLE = Automatic;
				CURRENT_PROJECT_VERSION = 2022102221;
				DEVELOPMENT_ASSET_PATHS = "\"Master/Preview Content\"";
				DEVELOPMENT_TEAM = X8J36L5DL7;
				ENABLE_HARDENED_RUNTIME = YES;
				ENABLE_PREVIEWS = YES;
				GENERATE_INFOPLIST_FILE = YES;
				INFOPLIST_KEY_CFBundleDisplayName = Master;
				"INFOPLIST_KEY_UIApplicationSceneManifest_Generation[sdk=iphoneos*]" = YES;
				"INFOPLIST_KEY_UIApplicationSceneManifest_Generation[sdk=iphonesimulator*]" = YES;
				"INFOPLIST_KEY_UIApplicationSupportsIndirectInputEvents[sdk=iphoneos*]" = YES;
				"INFOPLIST_KEY_UIApplicationSupportsIndirectInputEvents[sdk=iphonesimulator*]" = YES;
				"INFOPLIST_KEY_UILaunchScreen_Generation[sdk=iphoneos*]" = YES;
				"INFOPLIST_KEY_UILaunchScreen_Generation[sdk=iphonesimulator*]" = YES;
				"INFOPLIST_KEY_UIStatusBarStyle[sdk=iphoneos*]" = UIStatusBarStyleDefault;
				"INFOPLIST_KEY_UIStatusBarStyle[sdk=iphonesimulator*]" = UIStatusBarStyleDefault;
				INFOPLIST_KEY_UISupportedInterfaceOrientations = UIInterfaceOrientationPortrait;
				IPHONEOS_DEPLOYMENT_TARGET = 16.0;
				LD_RUNPATH_SEARCH_PATHS = "@executable_path/Frameworks";
				"LD_RUNPATH_SEARCH_PATHS[sdk=macosx*]" = "@executable_path/../Frameworks";
				MACOSX_DEPLOYMENT_TARGET = 12.3;
				MARKETING_VERSION = 0.0.1;
				PRODUCT_BUNDLE_IDENTIFIER = com.gaoqi.master;
				PRODUCT_NAME = "$(TARGET_NAME)";
				SDKROOT = auto;
				SUPPORTED_PLATFORMS = "iphoneos iphonesimulator macosx";
				SWIFT_EMIT_LOC_STRINGS = YES;
				SWIFT_VERSION = 5.0;
				TARGETED_DEVICE_FAMILY = "1,2";
			};
			name = Release;
		};
		B6412DF0290425CE0075FBC3 /* Debug */ = {
			isa = XCBuildConfiguration;
			buildSettings = {
				ALWAYS_EMBED_SWIFT_STANDARD_LIBRARIES = YES;
				BUNDLE_LOADER = "$(TEST_HOST)";
				CODE_SIGN_STYLE = Automatic;
				CURRENT_PROJECT_VERSION = 1;
				DEVELOPMENT_TEAM = X8J36L5DL7;
				GENERATE_INFOPLIST_FILE = YES;
				IPHONEOS_DEPLOYMENT_TARGET = 16.0;
				MACOSX_DEPLOYMENT_TARGET = 12.3;
				MARKETING_VERSION = 1.0;
				PRODUCT_BUNDLE_IDENTIFIER = com.gaoqi.MasterTests;
				PRODUCT_NAME = "$(TARGET_NAME)";
				SDKROOT = auto;
				SUPPORTED_PLATFORMS = "iphoneos iphonesimulator macosx";
				SWIFT_EMIT_LOC_STRINGS = NO;
				SWIFT_VERSION = 5.0;
				TARGETED_DEVICE_FAMILY = "1,2";
				TEST_HOST = "$(BUILT_PRODUCTS_DIR)/Master.app/$(BUNDLE_EXECUTABLE_FOLDER_PATH)/Master";
			};
			name = Debug;
		};
		B6412DF1290425CE0075FBC3 /* Release */ = {
			isa = XCBuildConfiguration;
			buildSettings = {
				ALWAYS_EMBED_SWIFT_STANDARD_LIBRARIES = YES;
				BUNDLE_LOADER = "$(TEST_HOST)";
				CODE_SIGN_STYLE = Automatic;
				CURRENT_PROJECT_VERSION = 1;
				DEVELOPMENT_TEAM = X8J36L5DL7;
				GENERATE_INFOPLIST_FILE = YES;
				IPHONEOS_DEPLOYMENT_TARGET = 16.0;
				MACOSX_DEPLOYMENT_TARGET = 12.3;
				MARKETING_VERSION = 1.0;
				PRODUCT_BUNDLE_IDENTIFIER = com.gaoqi.MasterTests;
				PRODUCT_NAME = "$(TARGET_NAME)";
				SDKROOT = auto;
				SUPPORTED_PLATFORMS = "iphoneos iphonesimulator macosx";
				SWIFT_EMIT_LOC_STRINGS = NO;
				SWIFT_VERSION = 5.0;
				TARGETED_DEVICE_FAMILY = "1,2";
				TEST_HOST = "$(BUILT_PRODUCTS_DIR)/Master.app/$(BUNDLE_EXECUTABLE_FOLDER_PATH)/Master";
			};
			name = Release;
		};
		B6412DF3290425CE0075FBC3 /* Debug */ = {
			isa = XCBuildConfiguration;
			buildSettings = {
				ALWAYS_EMBED_SWIFT_STANDARD_LIBRARIES = YES;
				CODE_SIGN_STYLE = Automatic;
				CURRENT_PROJECT_VERSION = 1;
				DEVELOPMENT_TEAM = X8J36L5DL7;
				GENERATE_INFOPLIST_FILE = YES;
				IPHONEOS_DEPLOYMENT_TARGET = 16.0;
				MACOSX_DEPLOYMENT_TARGET = 12.3;
				MARKETING_VERSION = 1.0;
				PRODUCT_BUNDLE_IDENTIFIER = com.gaoqi.MasterUITests;
				PRODUCT_NAME = "$(TARGET_NAME)";
				SDKROOT = auto;
				SUPPORTED_PLATFORMS = "iphoneos iphonesimulator macosx";
				SWIFT_EMIT_LOC_STRINGS = NO;
				SWIFT_VERSION = 5.0;
				TARGETED_DEVICE_FAMILY = "1,2";
				TEST_TARGET_NAME = Master;
			};
			name = Debug;
		};
		B6412DF4290425CE0075FBC3 /* Release */ = {
			isa = XCBuildConfiguration;
			buildSettings = {
				ALWAYS_EMBED_SWIFT_STANDARD_LIBRARIES = YES;
				CODE_SIGN_STYLE = Automatic;
				CURRENT_PROJECT_VERSION = 1;
				DEVELOPMENT_TEAM = X8J36L5DL7;
				GENERATE_INFOPLIST_FILE = YES;
				IPHONEOS_DEPLOYMENT_TARGET = 16.0;
				MACOSX_DEPLOYMENT_TARGET = 12.3;
				MARKETING_VERSION = 1.0;
				PRODUCT_BUNDLE_IDENTIFIER = com.gaoqi.MasterUITests;
				PRODUCT_NAME = "$(TARGET_NAME)";
				SDKROOT = auto;
				SUPPORTED_PLATFORMS = "iphoneos iphonesimulator macosx";
				SWIFT_EMIT_LOC_STRINGS = NO;
				SWIFT_VERSION = 5.0;
				TARGETED_DEVICE_FAMILY = "1,2";
				TEST_TARGET_NAME = Master;
			};
			name = Release;
		};
/* End XCBuildConfiguration section */

/* Begin XCConfigurationList section */
		B6412DBD290425CB0075FBC3 /* Build configuration list for PBXProject "Master" */ = {
			isa = XCConfigurationList;
			buildConfigurations = (
				B6412DEA290425CE0075FBC3 /* Debug */,
				B6412DEB290425CE0075FBC3 /* Release */,
			);
			defaultConfigurationIsVisible = 0;
			defaultConfigurationName = Release;
		};
		B6412DEC290425CE0075FBC3 /* Build configuration list for PBXNativeTarget "Master" */ = {
			isa = XCConfigurationList;
			buildConfigurations = (
				B6412DED290425CE0075FBC3 /* Debug */,
				B6412DEE290425CE0075FBC3 /* Release */,
			);
			defaultConfigurationIsVisible = 0;
			defaultConfigurationName = Release;
		};
		B6412DEF290425CE0075FBC3 /* Build configuration list for PBXNativeTarget "MasterTests" */ = {
			isa = XCConfigurationList;
			buildConfigurations = (
				B6412DF0290425CE0075FBC3 /* Debug */,
				B6412DF1290425CE0075FBC3 /* Release */,
			);
			defaultConfigurationIsVisible = 0;
			defaultConfigurationName = Release;
		};
		B6412DF2290425CE0075FBC3 /* Build configuration list for PBXNativeTarget "MasterUITests" */ = {
			isa = XCConfigurationList;
			buildConfigurations = (
				B6412DF3290425CE0075FBC3 /* Debug */,
				B6412DF4290425CE0075FBC3 /* Release */,
			);
			defaultConfigurationIsVisible = 0;
			defaultConfigurationName = Release;
		};
/* End XCConfigurationList section */

/* Begin XCVersionGroup section */
		B6412DC9290425CB0075FBC3 /* Master.xcdatamodeld */ = {
			isa = XCVersionGroup;
			children = (
				B6412DCA290425CB0075FBC3 /* Master.xcdatamodel */,
			);
			currentVersion = B6412DCA290425CB0075FBC3 /* Master.xcdatamodel */;
			path = Master.xcdatamodeld;
			sourceTree = "<group>";
			versionGroupType = wrapper.xcdatamodel;
		};
/* End XCVersionGroup section */
	};
	rootObject = B6412DBA290425CB0075FBC3 /* Project object */;
}
